// !$*UTF8*$!
{
	archiveVersion = 1;
	classes = {
	};
	objectVersion = 46;
	objects = {

/* Begin PBXBuildFile section */
		301925F31C6071C8006CB151 /* AppDelegate.swift in Sources */ = {isa = PBXBuildFile; fileRef = 301925F21C6071C8006CB151 /* AppDelegate.swift */; };
		301925F51C6071C8006CB151 /* ViewController.swift in Sources */ = {isa = PBXBuildFile; fileRef = 301925F41C6071C8006CB151 /* ViewController.swift */; };
		301925F81C6071C8006CB151 /* Main.storyboard in Resources */ = {isa = PBXBuildFile; fileRef = 301925F61C6071C8006CB151 /* Main.storyboard */; };
		301925FA1C6071C8006CB151 /* Assets.xcassets in Resources */ = {isa = PBXBuildFile; fileRef = 301925F91C6071C8006CB151 /* Assets.xcassets */; };
		301925FD1C6071C8006CB151 /* LaunchScreen.storyboard in Resources */ = {isa = PBXBuildFile; fileRef = 301925FB1C6071C8006CB151 /* LaunchScreen.storyboard */; };
		301926081C6071C8006CB151 /* ejercicio1Tests.swift in Sources */ = {isa = PBXBuildFile; fileRef = 301926071C6071C8006CB151 /* ejercicio1Tests.swift */; };
		301926131C6071C9006CB151 /* ejercicio1UITests.swift in Sources */ = {isa = PBXBuildFile; fileRef = 301926121C6071C9006CB151 /* ejercicio1UITests.swift */; };
/* End PBXBuildFile section */

/* Begin PBXContainerItemProxy section */
		301926041C6071C8006CB151 /* PBXContainerItemProxy */ = {
			isa = PBXContainerItemProxy;
			containerPortal = 301925E71C6071C8006CB151 /* Project object */;
			proxyType = 1;
			remoteGlobalIDString = 301925EE1C6071C8006CB151;
			remoteInfo = ejercicio1;
		};
		3019260F1C6071C9006CB151 /* PBXContainerItemProxy */ = {
			isa = PBXContainerItemProxy;
			containerPortal = 301925E71C6071C8006CB151 /* Project object */;
			proxyType = 1;
			remoteGlobalIDString = 301925EE1C6071C8006CB151;
			remoteInfo = ejercicio1;
		};
/* End PBXContainerItemProxy section */

/* Begin PBXFileReference section */
		301925EF1C6071C8006CB151 /* ejercicio1.app */ = {isa = PBXFileReference; explicitFileType = wrapper.application; includeInIndex = 0; path = ejercicio1.app; sourceTree = BUILT_PRODUCTS_DIR; };
		301925F21C6071C8006CB151 /* AppDelegate.swift */ = {isa = PBXFileReference; lastKnownFileType = sourcecode.swift; path = AppDelegate.swift; sourceTree = "<group>"; };
		301925F41C6071C8006CB151 /* ViewController.swift */ = {isa = PBXFileReference; lastKnownFileType = sourcecode.swift; path = ViewController.swift; sourceTree = "<group>"; };
		301925F71C6071C8006CB151 /* Base */ = {isa = PBXFileReference; lastKnownFileType = file.storyboard; name = Base; path = Base.lproj/Main.storyboard; sourceTree = "<group>"; };
		301925F91C6071C8006CB151 /* Assets.xcassets */ = {isa = PBXFileReference; lastKnownFileType = folder.assetcatalog; path = Assets.xcassets; sourceTree = "<group>"; };
		301925FC1C6071C8006CB151 /* Base */ = {isa = PBXFileReference; lastKnownFileType = file.storyboard; name = Base; path = Base.lproj/LaunchScreen.storyboard; sourceTree = "<group>"; };
		301925FE1C6071C8006CB151 /* Info.plist */ = {isa = PBXFileReference; lastKnownFileType = text.plist.xml; path = Info.plist; sourceTree = "<group>"; };
		301926031C6071C8006CB151 /* ejercicio1Tests.xctest */ = {isa = PBXFileReference; explicitFileType = wrapper.cfbundle; includeInIndex = 0; path = ejercicio1Tests.xctest; sourceTree = BUILT_PRODUCTS_DIR; };
		301926071C6071C8006CB151 /* ejercicio1Tests.swift */ = {isa = PBXFileReference; lastKnownFileType = sourcecode.swift; path = ejercicio1Tests.swift; sourceTree = "<group>"; };
		301926091C6071C8006CB151 /* Info.plist */ = {isa = PBXFileReference; lastKnownFileType = text.plist.xml; path = Info.plist; sourceTree = "<group>"; };
		3019260E1C6071C9006CB151 /* ejercicio1UITests.xctest */ = {isa = PBXFileReference; explicitFileType = wrapper.cfbundle; includeInIndex = 0; path = ejercicio1UITests.xctest; sourceTree = BUILT_PRODUCTS_DIR; };
		301926121C6071C9006CB151 /* ejercicio1UITests.swift */ = {isa = PBXFileReference; lastKnownFileType = sourcecode.swift; path = ejercicio1UITests.swift; sourceTree = "<group>"; };
		301926141C6071C9006CB151 /* Info.plist */ = {isa = PBXFileReference; lastKnownFileType = text.plist.xml; path = Info.plist; sourceTree = "<group>"; };
/* End PBXFileReference section */

/* Begin PBXFrameworksBuildPhase section */
		301925EC1C6071C8006CB151 /* Frameworks */ = {
			isa = PBXFrameworksBuildPhase;
			buildActionMask = 2147483647;
			files = (
			);
			runOnlyForDeploymentPostprocessing = 0;
		};
		301926001C6071C8006CB151 /* Frameworks */ = {
			isa = PBXFrameworksBuildPhase;
			buildActionMask = 2147483647;
			files = (
			);
			runOnlyForDeploymentPostprocessing = 0;
		};
		3019260B1C6071C8006CB151 /* Frameworks */ = {
			isa = PBXFrameworksBuildPhase;
			buildActionMask = 2147483647;
			files = (
			);
			runOnlyForDeploymentPostprocessing = 0;
		};
/* End PBXFrameworksBuildPhase section */

/* Begin PBXGroup section */
		301925E61C6071C8006CB151 = {
			isa = PBXGroup;
			children = (
				301925F11C6071C8006CB151 /* ejercicio1 */,
				301926061C6071C8006CB151 /* ejercicio1Tests */,
				301926111C6071C9006CB151 /* ejercicio1UITests */,
				301925F01C6071C8006CB151 /* Products */,
			);
			sourceTree = "<group>";
		};
		301925F01C6071C8006CB151 /* Products */ = {
			isa = PBXGroup;
			children = (
				301925EF1C6071C8006CB151 /* ejercicio1.app */,
				301926031C6071C8006CB151 /* ejercicio1Tests.xctest */,
				3019260E1C6071C9006CB151 /* ejercicio1UITests.xctest */,
			);
			name = Products;
			sourceTree = "<group>";
		};
		301925F11C6071C8006CB151 /* ejercicio1 */ = {
			isa = PBXGroup;
			children = (
				301925F21C6071C8006CB151 /* AppDelegate.swift */,
				301925F41C6071C8006CB151 /* ViewController.swift */,
				301925F61C6071C8006CB151 /* Main.storyboard */,
				301925F91C6071C8006CB151 /* Assets.xcassets */,
				301925FB1C6071C8006CB151 /* LaunchScreen.storyboard */,
				301925FE1C6071C8006CB151 /* Info.plist */,
			);
			path = ejercicio1;
			sourceTree = "<group>";
		};
		301926061C6071C8006CB151 /* ejercicio1Tests */ = {
			isa = PBXGroup;
			children = (
				301926071C6071C8006CB151 /* ejercicio1Tests.swift */,
				301926091C6071C8006CB151 /* Info.plist */,
			);
			path = ejercicio1Tests;
			sourceTree = "<group>";
		};
		301926111C6071C9006CB151 /* ejercicio1UITests */ = {
			isa = PBXGroup;
			children = (
				301926121C6071C9006CB151 /* ejercicio1UITests.swift */,
				301926141C6071C9006CB151 /* Info.plist */,
			);
			path = ejercicio1UITests;
			sourceTree = "<group>";
		};
/* End PBXGroup section */

/* Begin PBXNativeTarget section */
		301925EE1C6071C8006CB151 /* ejercicio1 */ = {
			isa = PBXNativeTarget;
			buildConfigurationList = 301926171C6071C9006CB151 /* Build configuration list for PBXNativeTarget "ejercicio1" */;
			buildPhases = (
				301925EB1C6071C8006CB151 /* Sources */,
				301925EC1C6071C8006CB151 /* Frameworks */,
				301925ED1C6071C8006CB151 /* Resources */,
			);
			buildRules = (
			);
			dependencies = (
			);
			name = ejercicio1;
			productName = ejercicio1;
			productReference = 301925EF1C6071C8006CB151 /* ejercicio1.app */;
			productType = "com.apple.product-type.application";
		};
		301926021C6071C8006CB151 /* ejercicio1Tests */ = {
			isa = PBXNativeTarget;
			buildConfigurationList = 3019261A1C6071C9006CB151 /* Build configuration list for PBXNativeTarget "ejercicio1Tests" */;
			buildPhases = (
				301925FF1C6071C8006CB151 /* Sources */,
				301926001C6071C8006CB151 /* Frameworks */,
				301926011C6071C8006CB151 /* Resources */,
			);
			buildRules = (
			);
			dependencies = (
				301926051C6071C8006CB151 /* PBXTargetDependency */,
			);
			name = ejercicio1Tests;
			productName = ejercicio1Tests;
			productReference = 301926031C6071C8006CB151 /* ejercicio1Tests.xctest */;
			productType = "com.apple.product-type.bundle.unit-test";
		};
		3019260D1C6071C8006CB151 /* ejercicio1UITests */ = {
			isa = PBXNativeTarget;
			buildConfigurationList = 3019261D1C6071C9006CB151 /* Build configuration list for PBXNativeTarget "ejercicio1UITests" */;
			buildPhases = (
				3019260A1C6071C8006CB151 /* Sources */,
				3019260B1C6071C8006CB151 /* Frameworks */,
				3019260C1C6071C8006CB151 /* Resources */,
			);
			buildRules = (
			);
			dependencies = (
				301926101C6071C9006CB151 /* PBXTargetDependency */,
			);
			name = ejercicio1UITests;
			productName = ejercicio1UITests;
			productReference = 3019260E1C6071C9006CB151 /* ejercicio1UITests.xctest */;
			productType = "com.apple.product-type.bundle.ui-testing";
		};
/* End PBXNativeTarget section */

/* Begin PBXProject section */
		301925E71C6071C8006CB151 /* Project object */ = {
			isa = PBXProject;
			attributes = {
				LastSwiftUpdateCheck = 0730;
				LastUpgradeCheck = 0730;
				ORGANIZATIONNAME = "Ricardo Zaragoza Solís";
				TargetAttributes = {
					301925EE1C6071C8006CB151 = {
						CreatedOnToolsVersion = 7.3;
					};
					301926021C6071C8006CB151 = {
						CreatedOnToolsVersion = 7.3;
						TestTargetID = 301925EE1C6071C8006CB151;
					};
					3019260D1C6071C8006CB151 = {
						CreatedOnToolsVersion = 7.3;
						TestTargetID = 301925EE1C6071C8006CB151;
					};
				};
			};
			buildConfigurationList = 301925EA1C6071C8006CB151 /* Build configuration list for PBXProject "ejercicio1" */;
			compatibilityVersion = "Xcode 3.2";
			developmentRegion = English;
			hasScannedForEncodings = 0;
			knownRegions = (
				en,
				Base,
			);
			mainGroup = 301925E61C6071C8006CB151;
			productRefGroup = 301925F01C6071C8006CB151 /* Products */;
			projectDirPath = "";
			projectRoot = "";
			targets = (
				301925EE1C6071C8006CB151 /* ejercicio1 */,
				301926021C6071C8006CB151 /* ejercicio1Tests */,
				3019260D1C6071C8006CB151 /* ejercicio1UITests */,
			);
		};
/* End PBXProject section */

/* Begin PBXResourcesBuildPhase section */
		301925ED1C6071C8006CB151 /* Resources */ = {
			isa = PBXResourcesBuildPhase;
			buildActionMask = 2147483647;
			files = (
				301925FD1C6071C8006CB151 /* LaunchScreen.storyboard in Resources */,
				301925FA1C6071C8006CB151 /* Assets.xcassets in Resources */,
				301925F81C6071C8006CB151 /* Main.storyboard in Resources */,
			);
			runOnlyForDeploymentPostprocessing = 0;
		};
		301926011C6071C8006CB151 /* Resources */ = {
			isa = PBXResourcesBuildPhase;
			buildActionMask = 2147483647;
			files = (
			);
			runOnlyForDeploymentPostprocessing = 0;
		};
		3019260C1C6071C8006CB151 /* Resources */ = {
			isa = PBXResourcesBuildPhase;
			buildActionMask = 2147483647;
			files = (
			);
			runOnlyForDeploymentPostprocessing = 0;
		};
/* End PBXResourcesBuildPhase section */

/* Begin PBXSourcesBuildPhase section */
		301925EB1C6071C8006CB151 /* Sources */ = {
			isa = PBXSourcesBuildPhase;
			buildActionMask = 2147483647;
			files = (
				301925F51C6071C8006CB151 /* ViewController.swift in Sources */,
				301925F31C6071C8006CB151 /* AppDelegate.swift in Sources */,
			);
			runOnlyForDeploymentPostprocessing = 0;
		};
		301925FF1C6071C8006CB151 /* Sources */ = {
			isa = PBXSourcesBuildPhase;
			buildActionMask = 2147483647;
			files = (
				301926081C6071C8006CB151 /* ejercicio1Tests.swift in Sources */,
			);
			runOnlyForDeploymentPostprocessing = 0;
		};
		3019260A1C6071C8006CB151 /* Sources */ = {
			isa = PBXSourcesBuildPhase;
			buildActionMask = 2147483647;
			files = (
				301926131C6071C9006CB151 /* ejercicio1UITests.swift in Sources */,
			);
			runOnlyForDeploymentPostprocessing = 0;
		};
/* End PBXSourcesBuildPhase section */

/* Begin PBXTargetDependency section */
		301926051C6071C8006CB151 /* PBXTargetDependency */ = {
			isa = PBXTargetDependency;
			target = 301925EE1C6071C8006CB151 /* ejercicio1 */;
			targetProxy = 301926041C6071C8006CB151 /* PBXContainerItemProxy */;
		};
		301926101C6071C9006CB151 /* PBXTargetDependency */ = {
			isa = PBXTargetDependency;
			target = 301925EE1C6071C8006CB151 /* ejercicio1 */;
			targetProxy = 3019260F1C6071C9006CB151 /* PBXContainerItemProxy */;
		};
/* End PBXTargetDependency section */

/* Begin PBXVariantGroup section */
		301925F61C6071C8006CB151 /* Main.storyboard */ = {
			isa = PBXVariantGroup;
			children = (
				301925F71C6071C8006CB151 /* Base */,
			);
			name = Main.storyboard;
			sourceTree = "<group>";
		};
		301925FB1C6071C8006CB151 /* LaunchScreen.storyboard */ = {
			isa = PBXVariantGroup;
			children = (
				301925FC1C6071C8006CB151 /* Base */,
			);
			name = LaunchScreen.storyboard;
			sourceTree = "<group>";
		};
/* End PBXVariantGroup section */

/* Begin XCBuildConfiguration section */
		301926151C6071C9006CB151 /* Debug */ = {
			isa = XCBuildConfiguration;
			buildSettings = {
				ALWAYS_SEARCH_USER_PATHS = NO;
				CLANG_CXX_LANGUAGE_STANDARD = "gnu++0x";
				CLANG_CXX_LIBRARY = "libc++";
				CLANG_ENABLE_MODULES = YES;
				CLANG_ENABLE_OBJC_ARC = YES;
				CLANG_WARN_BOOL_CONVERSION = YES;
				CLANG_WARN_CONSTANT_CONVERSION = YES;
				CLANG_WARN_DIRECT_OBJC_ISA_USAGE = YES_ERROR;
				CLANG_WARN_EMPTY_BODY = YES;
				CLANG_WARN_ENUM_CONVERSION = YES;
				CLANG_WARN_INT_CONVERSION = YES;
				CLANG_WARN_OBJC_ROOT_CLASS = YES_ERROR;
				CLANG_WARN_UNREACHABLE_CODE = YES;
				CLANG_WARN__DUPLICATE_METHOD_MATCH = YES;
				"CODE_SIGN_IDENTITY[sdk=iphoneos*]" = "iPhone Developer";
				COPY_PHASE_STRIP = NO;
				DEBUG_INFORMATION_FORMAT = dwarf;
				ENABLE_STRICT_OBJC_MSGSEND = YES;
				ENABLE_TESTABILITY = YES;
				GCC_C_LANGUAGE_STANDARD = gnu99;
				GCC_DYNAMIC_NO_PIC = NO;
				GCC_NO_COMMON_BLOCKS = YES;
				GCC_OPTIMIZATION_LEVEL = 0;
				GCC_PREPROCESSOR_DEFINITIONS = (
					"DEBUG=1",
					"$(inherited)",
				);
				GCC_WARN_64_TO_32_BIT_CONVERSION = YES;
				GCC_WARN_ABOUT_RETURN_TYPE = YES_ERROR;
				GCC_WARN_UNDECLARED_SELECTOR = YES;
				GCC_WARN_UNINITIALIZED_AUTOS = YES_AGGRESSIVE;
				GCC_WARN_UNUSED_FUNCTION = YES;
				GCC_WARN_UNUSED_VARIABLE = YES;
				IPHONEOS_DEPLOYMENT_TARGET = 9.3;
				MTL_ENABLE_DEBUG_INFO = YES;
				ONLY_ACTIVE_ARCH = YES;
				SDKROOT = iphoneos;
				SWIFT_OPTIMIZATION_LEVEL = "-Onone";
				TARGETED_DEVICE_FAMILY = "1,2";
			};
			name = Debug;
		};
		301926161C6071C9006CB151 /* Release */ = {
			isa = XCBuildConfiguration;
			buildSettings = {
				ALWAYS_SEARCH_USER_PATHS = NO;
				CLANG_CXX_LANGUAGE_STANDARD = "gnu++0x";
				CLANG_CXX_LIBRARY = "libc++";
				CLANG_ENABLE_MODULES = YES;
				CLANG_ENABLE_OBJC_ARC = YES;
				CLANG_WARN_BOOL_CONVERSION = YES;
				CLANG_WARN_CONSTANT_CONVERSION = YES;
				CLANG_WARN_DIRECT_OBJC_ISA_USAGE = YES_ERROR;
				CLANG_WARN_EMPTY_BODY = YES;
				CLANG_WARN_ENUM_CONVERSION = YES;
				CLANG_WARN_INT_CONVERSION = YES;
				CLANG_WARN_OBJC_ROOT_CLASS = YES_ERROR;
				CLANG_WARN_UNREACHABLE_CODE = YES;
				CLANG_WARN__DUPLICATE_METHOD_MATCH = YES;
				"CODE_SIGN_IDENTITY[sdk=iphoneos*]" = "iPhone Developer";
				COPY_PHASE_STRIP = NO;
				DEBUG_INFORMATION_FORMAT = "dwarf-with-dsym";
				ENABLE_NS_ASSERTIONS = NO;
				ENABLE_STRICT_OBJC_MSGSEND = YES;
				GCC_C_LANGUAGE_STANDARD = gnu99;
				GCC_NO_COMMON_BLOCKS = YES;
				GCC_WARN_64_TO_32_BIT_CONVERSION = YES;
				GCC_WARN_ABOUT_RETURN_TYPE = YES_ERROR;
				GCC_WARN_UNDECLARED_SELECTOR = YES;
				GCC_WARN_UNINITIALIZED_AUTOS = YES_AGGRESSIVE;
				GCC_WARN_UNUSED_FUNCTION = YES;
				GCC_WARN_UNUSED_VARIABLE = YES;
				IPHONEOS_DEPLOYMENT_TARGET = 9.3;
				MTL_ENABLE_DEBUG_INFO = NO;
				SDKROOT = iphoneos;
				TARGETED_DEVICE_FAMILY = "1,2";
				VALIDATE_PRODUCT = YES;
			};
			name = Release;
		};
		301926181C6071C9006CB151 /* Debug */ = {
			isa = XCBuildConfiguration;
			buildSettings = {
				ASSETCATALOG_COMPILER_APPICON_NAME = AppIcon;
				INFOPLIST_FILE = ejercicio1/Info.plist;
				LD_RUNPATH_SEARCH_PATHS = "$(inherited) @executable_path/Frameworks";
				PRODUCT_BUNDLE_IDENTIFIER = CoffeeNOK.ejercicio1;
				PRODUCT_NAME = "$(TARGET_NAME)";
			};
			name = Debug;
		};
		301926191C6071C9006CB151 /* Release */ = {
			isa = XCBuildConfiguration;
			buildSettings = {
				ASSETCATALOG_COMPILER_APPICON_NAME = AppIcon;
				INFOPLIST_FILE = ejercicio1/Info.plist;
				LD_RUNPATH_SEARCH_PATHS = "$(inherited) @executable_path/Frameworks";
				PRODUCT_BUNDLE_IDENTIFIER = CoffeeNOK.ejercicio1;
				PRODUCT_NAME = "$(TARGET_NAME)";
			};
			name = Release;
		};
		3019261B1C6071C9006CB151 /* Debug */ = {
			isa = XCBuildConfiguration;
			buildSettings = {
				BUNDLE_LOADER = "$(TEST_HOST)";
				INFOPLIST_FILE = ejercicio1Tests/Info.plist;
				LD_RUNPATH_SEARCH_PATHS = "$(inherited) @executable_path/Frameworks @loader_path/Frameworks";
				PRODUCT_BUNDLE_IDENTIFIER = CoffeeNOK.ejercicio1Tests;
				PRODUCT_NAME = "$(TARGET_NAME)";
				TEST_HOST = "$(BUILT_PRODUCTS_DIR)/ejercicio1.app/ejercicio1";
			};
			name = Debug;
		};
		3019261C1C6071C9006CB151 /* Release */ = {
			isa = XCBuildConfiguration;
			buildSettings = {
				BUNDLE_LOADER = "$(TEST_HOST)";
				INFOPLIST_FILE = ejercicio1Tests/Info.plist;
				LD_RUNPATH_SEARCH_PATHS = "$(inherited) @executable_path/Frameworks @loader_path/Frameworks";
				PRODUCT_BUNDLE_IDENTIFIER = CoffeeNOK.ejercicio1Tests;
				PRODUCT_NAME = "$(TARGET_NAME)";
				TEST_HOST = "$(BUILT_PRODUCTS_DIR)/ejercicio1.app/ejercicio1";
			};
			name = Release;
		};
		3019261E1C6071C9006CB151 /* Debug */ = {
			isa = XCBuildConfiguration;
			buildSettings = {
				INFOPLIST_FILE = ejercicio1UITests/Info.plist;
				LD_RUNPATH_SEARCH_PATHS = "$(inherited) @executable_path/Frameworks @loader_path/Frameworks";
				PRODUCT_BUNDLE_IDENTIFIER = CoffeeNOK.ejercicio1UITests;
				PRODUCT_NAME = "$(TARGET_NAME)";
				TEST_TARGET_NAME = ejercicio1;
			};
			name = Debug;
		};
		3019261F1C6071C9006CB151 /* Release */ = {
			isa = XCBuildConfiguration;
			buildSettings = {
				INFOPLIST_FILE = ejercicio1UITests/Info.plist;
				LD_RUNPATH_SEARCH_PATHS = "$(inherited) @executable_path/Frameworks @loader_path/Frameworks";
				PRODUCT_BUNDLE_IDENTIFIER = CoffeeNOK.ejercicio1UITests;
				PRODUCT_NAME = "$(TARGET_NAME)";
				TEST_TARGET_NAME = ejercicio1;
			};
			name = Release;
		};
/* End XCBuildConfiguration section */

/* Begin XCConfigurationList section */
		301925EA1C6071C8006CB151 /* Build configuration list for PBXProject "ejercicio1" */ = {
			isa = XCConfigurationList;
			buildConfigurations = (
				301926151C6071C9006CB151 /* Debug */,
				301926161C6071C9006CB151 /* Release */,
			);
			defaultConfigurationIsVisible = 0;
			defaultConfigurationName = Release;
		};
		301926171C6071C9006CB151 /* Build configuration list for PBXNativeTarget "ejercicio1" */ = {
			isa = XCConfigurationList;
			buildConfigurations = (
				301926181C6071C9006CB151 /* Debug */,
				301926191C6071C9006CB151 /* Release */,
			);
			defaultConfigurationIsVisible = 0;
		};
		3019261A1C6071C9006CB151 /* Build configuration list for PBXNativeTarget "ejercicio1Tests" */ = {
			isa = XCConfigurationList;
			buildConfigurations = (
				3019261B1C6071C9006CB151 /* Debug */,
				3019261C1C6071C9006CB151 /* Release */,
			);
			defaultConfigurationIsVisible = 0;
		};
		3019261D1C6071C9006CB151 /* Build configuration list for PBXNativeTarget "ejercicio1UITests" */ = {
			isa = XCConfigurationList;
			buildConfigurations = (
				3019261E1C6071C9006CB151 /* Debug */,
				3019261F1C6071C9006CB151 /* Release */,
			);
			defaultConfigurationIsVisible = 0;
		};
/* End XCConfigurationList section */
	};
	rootObject = 301925E71C6071C8006CB151 /* Project object */;
}
